PODS:
  - FMDB/SQLCipher (2.7.5):
    - SQLCipher
  - SQLCipher (4.4.3):
    - SQLCipher/standard (= 4.4.3)
  - SQLCipher/common (4.4.3)
  - SQLCipher/standard (4.4.3):
    - SQLCipher/common

DEPENDENCIES:
  - FMDB/SQLCipher

SPEC REPOS:
  trunk:
    - FMDB
    - SQLCipher

SPEC CHECKSUMS:
  FMDB: 2ce00b547f966261cd18927a3ddb07cb6f3db82a
  SQLCipher: 155ffeafc9ac102e5c9b68e3e9a1297a98a27096

PODFILE CHECKSUM: f16d47a6838d3e67ba611e67d4ac9621425f4a8d

COCOAPODS: 1.11.3
